// !$*UTF8*$!
{
	archiveVersion = 1;
	classes = {
	};
	objectVersion = 46;
	objects = {

/* Begin PBXBuildFile section */
		FCBA3309153D38110056347B /* UIKit.framework in Frameworks */ = {isa = PBXBuildFile; fileRef = FCBA3308153D38110056347B /* UIKit.framework */; };
		FCBA330B153D38110056347B /* Foundation.framework in Frameworks */ = {isa = PBXBuildFile; fileRef = FCBA330A153D38110056347B /* Foundation.framework */; };
		FCBA330D153D38110056347B /* CoreGraphics.framework in Frameworks */ = {isa = PBXBuildFile; fileRef = FCBA330C153D38110056347B /* CoreGraphics.framework */; };
		FCBA3313153D38110056347B /* InfoPlist.strings in Resources */ = {isa = PBXBuildFile; fileRef = FCBA3311153D38110056347B /* InfoPlist.strings */; };
		FCBA3315153D38110056347B /* main.m in Sources */ = {isa = PBXBuildFile; fileRef = FCBA3314153D38110056347B /* main.m */; };
		FCBA3319153D38110056347B /* AppDelegate.m in Sources */ = {isa = PBXBuildFile; fileRef = FCBA3318153D38110056347B /* AppDelegate.m */; };
		FCBA331C153D38110056347B /* ViewController.m in Sources */ = {isa = PBXBuildFile; fileRef = FCBA331B153D38110056347B /* ViewController.m */; };
		FCBA331F153D38110056347B /* ViewController.xib in Resources */ = {isa = PBXBuildFile; fileRef = FCBA331D153D38110056347B /* ViewController.xib */; };
/* End PBXBuildFile section */

/* Begin PBXFileReference section */
		FCBA3304153D38110056347B /* peg.app */ = {isa = PBXFileReference; explicitFileType = wrapper.application; includeInIndex = 0; path = peg.app; sourceTree = BUILT_PRODUCTS_DIR; };
		FCBA3308153D38110056347B /* UIKit.framework */ = {isa = PBXFileReference; lastKnownFileType = wrapper.framework; name = UIKit.framework; path = System/Library/Frameworks/UIKit.framework; sourceTree = SDKROOT; };
		FCBA330A153D38110056347B /* Foundation.framework */ = {isa = PBXFileReference; lastKnownFileType = wrapper.framework; name = Foundation.framework; path = System/Library/Frameworks/Foundation.framework; sourceTree = SDKROOT; };
		FCBA330C153D38110056347B /* CoreGraphics.framework */ = {isa = PBXFileReference; lastKnownFileType = wrapper.framework; name = CoreGraphics.framework; path = System/Library/Frameworks/CoreGraphics.framework; sourceTree = SDKROOT; };
		FCBA3310153D38110056347B /* peg-Info.plist */ = {isa = PBXFileReference; path = "peg-Info.plist"; sourceTree = "<group>"; };
		FCBA3312153D38110056347B /* en */ = {isa = PBXFileReference; lastKnownFileType = text.plist.strings; name = en; path = en.lproj/InfoPlist.strings; sourceTree = "<group>"; };
		FCBA3314153D38110056347B /* main.m */ = {isa = PBXFileReference; lastKnownFileType = sourcecode.c.objc; path = main.m; sourceTree = "<group>"; };
		FCBA3316153D38110056347B /* peg-Prefix.pch */ = {isa = PBXFileReference; path = "peg-Prefix.pch"; sourceTree = "<group>"; };
		FCBA3317153D38110056347B /* AppDelegate.h */ = {isa = PBXFileReference; path = AppDelegate.h; sourceTree = "<group>"; };
		FCBA3318153D38110056347B /* AppDelegate.m */ = {isa = PBXFileReference; lastKnownFileType = sourcecode.c.objc; path = AppDelegate.m; sourceTree = "<group>"; };
		FCBA331A153D38110056347B /* ViewController.h */ = {isa = PBXFileReference; path = ViewController.h; sourceTree = "<group>"; };
		FCBA331B153D38110056347B /* ViewController.m */ = {isa = PBXFileReference; lastKnownFileType = sourcecode.c.objc; path = ViewController.m; sourceTree = "<group>"; };
		FCBA331E153D38110056347B /* en */ = {isa = PBXFileReference; lastKnownFileType = file.xib; name = en; path = en.lproj/ViewController.xib; sourceTree = "<group>"; };
/* End PBXFileReference section */

/* Begin PBXFrameworksBuildPhase section */
		FCBA3301153D38110056347B /* Frameworks */ = {
			isa = PBXFrameworksBuildPhase;
			buildActionMask = 2147483647;
			files = (
				FCBA3309153D38110056347B /* UIKit.framework in Frameworks */,
				FCBA330B153D38110056347B /* Foundation.framework in Frameworks */,
				FCBA330D153D38110056347B /* CoreGraphics.framework in Frameworks */,
			);
			runOnlyForDeploymentPostprocessing = 0;
		};
/* End PBXFrameworksBuildPhase section */

/* Begin PBXGroup section */
		FCBA32F9153D380F0056347B = {
			isa = PBXGroup;
			children = (
				FCBA330E153D38110056347B /* peg */,
				FCBA3307153D38110056347B /* Frameworks */,
				FCBA3305153D38110056347B /* Products */,
			);
			sourceTree = "<group>";
		};
		FCBA3305153D38110056347B /* Products */ = {
			isa = PBXGroup;
			children = (
				FCBA3304153D38110056347B /* peg.app */,
			);
			name = Products;
			sourceTree = "<group>";
		};
		FCBA3307153D38110056347B /* Frameworks */ = {
			isa = PBXGroup;
			children = (
				FCBA3308153D38110056347B /* UIKit.framework */,
				FCBA330A153D38110056347B /* Foundation.framework */,
				FCBA330C153D38110056347B /* CoreGraphics.framework */,
			);
			name = Frameworks;
			sourceTree = "<group>";
		};
		FCBA330E153D38110056347B /* peg */ = {
			isa = PBXGroup;
			children = (
				FCBA3317153D38110056347B /* AppDelegate.h */,
				FCBA3318153D38110056347B /* AppDelegate.m */,
				FCBA331A153D38110056347B /* ViewController.h */,
				FCBA331B153D38110056347B /* ViewController.m */,
				FCBA331D153D38110056347B /* ViewController.xib */,
				FCBA330F153D38110056347B /* Supporting Files */,
			);
			path = peg;
			sourceTree = "<group>";
		};
		FCBA330F153D38110056347B /* Supporting Files */ = {
			isa = PBXGroup;
			children = (
				FCBA3310153D38110056347B /* peg-Info.plist */,
				FCBA3311153D38110056347B /* InfoPlist.strings */,
				FCBA3314153D38110056347B /* main.m */,
				FCBA3316153D38110056347B /* peg-Prefix.pch */,
			);
			name = "Supporting Files";
			sourceTree = "<group>";
		};
/* End PBXGroup section */

/* Begin PBXNativeTarget section */
		FCBA3303153D38110056347B /* peg */ = {
			isa = PBXNativeTarget;
			buildConfigurationList = FCBA3322153D38110056347B /* Build configuration list for PBXNativeTarget "peg" */;
			buildPhases = (
				FCBA3300153D38110056347B /* Sources */,
				FCBA3301153D38110056347B /* Frameworks */,
				FCBA3302153D38110056347B /* Resources */,
			);
			buildRules = (
			);
			dependencies = (
			);
			name = peg;
			productName = peg;
			productReference = FCBA3304153D38110056347B /* peg.app */;
			productType = "com.apple.product-type.application";
		};
/* End PBXNativeTarget section */

/* Begin PBXProject section */
		FCBA32FB153D380F0056347B /* Project object */ = {
			isa = PBXProject;
			attributes = {
				LastUpgradeCheck = 0420;
			};
			buildConfigurationList = FCBA32FE153D380F0056347B /* Build configuration list for PBXProject "peg" */;
			compatibilityVersion = "Xcode 3.2";
			developmentRegion = English;
			hasScannedForEncodings = 0;
			knownRegions = (
				en,
			);
			mainGroup = FCBA32F9153D380F0056347B;
			productRefGroup = FCBA3305153D38110056347B /* Products */;
			projectDirPath = "";
			projectRoot = "";
			targets = (
				FCBA3303153D38110056347B /* peg */,
			);
		};
/* End PBXProject section */

/* Begin PBXResourcesBuildPhase section */
		FCBA3302153D38110056347B /* Resources */ = {
			isa = PBXResourcesBuildPhase;
			buildActionMask = 2147483647;
			files = (
				FCBA3313153D38110056347B /* InfoPlist.strings in Resources */,
				FCBA331F153D38110056347B /* ViewController.xib in Resources */,
			);
			runOnlyForDeploymentPostprocessing = 0;
		};
/* End PBXResourcesBuildPhase section */

/* Begin PBXSourcesBuildPhase section */
		FCBA3300153D38110056347B /* Sources */ = {
			isa = PBXSourcesBuildPhase;
			buildActionMask = 2147483647;
			files = (
				FCBA3315153D38110056347B /* main.m in Sources */,
				FCBA3319153D38110056347B /* AppDelegate.m in Sources */,
				FCBA331C153D38110056347B /* ViewController.m in Sources */,
			);
			runOnlyForDeploymentPostprocessing = 0;
		};
/* End PBXSourcesBuildPhase section */

/* Begin PBXVariantGroup section */
		FCBA3311153D38110056347B /* InfoPlist.strings */ = {
			isa = PBXVariantGroup;
			children = (
				FCBA3312153D38110056347B /* en */,
			);
			name = InfoPlist.strings;
			sourceTree = "<group>";
		};
		FCBA331D153D38110056347B /* ViewController.xib */ = {
			isa = PBXVariantGroup;
			children = (
				FCBA331E153D38110056347B /* en */,
			);
			name = ViewController.xib;
			sourceTree = "<group>";
		};
/* End PBXVariantGroup section */

/* Begin XCBuildConfiguration section */
		FCBA3320153D38110056347B /* Debug */ = {
			isa = XCBuildConfiguration;
			buildSettings = {
				ALWAYS_SEARCH_USER_PATHS = NO;
				ARCHS = "$(ARCHS_STANDARD_32_BIT)";
				CLANG_ENABLE_OBJC_ARC = YES;
				"CODE_SIGN_IDENTITY[sdk=iphoneos*]" = "iPhone Developer";
				COPY_PHASE_STRIP = NO;
				GCC_C_LANGUAGE_STANDARD = gnu99;
				GCC_DYNAMIC_NO_PIC = NO;
				GCC_OPTIMIZATION_LEVEL = 0;
				GCC_PREPROCESSOR_DEFINITIONS = (
					"DEBUG=1",
					"$(inherited)",
				);
				GCC_SYMBOLS_PRIVATE_EXTERN = NO;
				GCC_VERSION = com.apple.compilers.llvm.clang.1_0;
				GCC_WARN_ABOUT_MISSING_PROTOTYPES = YES;
				GCC_WARN_ABOUT_RETURN_TYPE = YES;
				GCC_WARN_UNUSED_VARIABLE = YES;
				IPHONEOS_DEPLOYMENT_TARGET = 5.0;
				SDKROOT = iphoneos;
			};
			name = Debug;
		};
		FCBA3321153D38110056347B /* Release */ = {
			isa = XCBuildConfiguration;
			buildSettings = {
				ALWAYS_SEARCH_USER_PATHS = NO;
				ARCHS = "$(ARCHS_STANDARD_32_BIT)";
				CLANG_ENABLE_OBJC_ARC = YES;
				"CODE_SIGN_IDENTITY[sdk=iphoneos*]" = "iPhone Developer";
				COPY_PHASE_STRIP = YES;
				GCC_C_LANGUAGE_STANDARD = gnu99;
				GCC_VERSION = com.apple.compilers.llvm.clang.1_0;
				GCC_WARN_ABOUT_MISSING_PROTOTYPES = YES;
				GCC_WARN_ABOUT_RETURN_TYPE = YES;
				GCC_WARN_UNUSED_VARIABLE = YES;
				IPHONEOS_DEPLOYMENT_TARGET = 5.0;
				OTHER_CFLAGS = "-DNS_BLOCK_ASSERTIONS=1";
				SDKROOT = iphoneos;
				VALIDATE_PRODUCT = YES;
			};
			name = Release;
		};
		FCBA3323153D38110056347B /* Debug */ = {
			isa = XCBuildConfiguration;
			buildSettings = {
				GCC_PRECOMPILE_PREFIX_HEADER = YES;
				GCC_PREFIX_HEADER = "peg/peg-Prefix.pch";
				INFOPLIST_FILE = "peg/peg-Info.plist";
				PRODUCT_NAME = "$(TARGET_NAME)";
				WRAPPER_EXTENSION = app;
			};
			name = Debug;
		};
		FCBA3324153D38110056347B /* Release */ = {
			isa = XCBuildConfiguration;
			buildSettings = {
				GCC_PRECOMPILE_PREFIX_HEADER = YES;
				GCC_PREFIX_HEADER = "peg/peg-Prefix.pch";
				INFOPLIST_FILE = "peg/peg-Info.plist";
				PRODUCT_NAME = "$(TARGET_NAME)";
				WRAPPER_EXTENSION = app;
			};
			name = Release;
		};
/* End XCBuildConfiguration section */

/* Begin XCConfigurationList section */
		FCBA32FE153D380F0056347B /* Build configuration list for PBXProject "peg" */ = {
			isa = XCConfigurationList;
			buildConfigurations = (
				FCBA3320153D38110056347B /* Debug */,
				FCBA3321153D38110056347B /* Release */,
			);
			defaultConfigurationIsVisible = 0;
			defaultConfigurationName = Release;
		};
		FCBA3322153D38110056347B /* Build configuration list for PBXNativeTarget "peg" */ = {
			isa = XCConfigurationList;
			buildConfigurations = (
				FCBA3323153D38110056347B /* Debug */,
				FCBA3324153D38110056347B /* Release */,
			);
			defaultConfigurationIsVisible = 0;
		};
/* End XCConfigurationList section */
	};
	rootObject = FCBA32FB153D380F0056347B /* Project object */;
}
