// !$*UTF8*$!
{
	archiveVersion = 1;
	classes = {
	};
	objectVersion = 46;
	objects = {

/* Begin PBXBuildFile section */
		FC510FDF153E40F600AB74C6 /* pop.mp3 in Resources */ = {isa = PBXBuildFile; fileRef = FC510FDE153E40F600AB74C6 /* pop.mp3 */; };
		FC510FE2153E42AC00AB74C6 /* AudioToolbox.framework in Frameworks */ = {isa = PBXBuildFile; fileRef = FC510FE1153E42AC00AB74C6 /* AudioToolbox.framework */; };
		FCB495E6153E88DB00C6C353 /* popup.png in Resources */ = {isa = PBXBuildFile; fileRef = FCB495E4153E88DB00C6C353 /* popup.png */; };
		FCB495E7153E88DB00C6C353 /* popup@2x.png in Resources */ = {isa = PBXBuildFile; fileRef = FCB495E5153E88DB00C6C353 /* popup@2x.png */; };
		FCB495EA153E896800C6C353 /* game_over.png in Resources */ = {isa = PBXBuildFile; fileRef = FCB495E8153E896800C6C353 /* game_over.png */; };
		FCB495EB153E896800C6C353 /* game_over@2x.png in Resources */ = {isa = PBXBuildFile; fileRef = FCB495E9153E896800C6C353 /* game_over@2x.png */; };
		FCB495F6153E8AA400C6C353 /* retry_button_pressed.png in Resources */ = {isa = PBXBuildFile; fileRef = FCB495EC153E8AA400C6C353 /* retry_button_pressed.png */; };
		FCB495F7153E8AA400C6C353 /* retry_button_pressed@2x.png in Resources */ = {isa = PBXBuildFile; fileRef = FCB495ED153E8AA400C6C353 /* retry_button_pressed@2x.png */; };
		FCB495F8153E8AA400C6C353 /* retry_button.png in Resources */ = {isa = PBXBuildFile; fileRef = FCB495EE153E8AA400C6C353 /* retry_button.png */; };
		FCB495F9153E8AA400C6C353 /* retry_button@2x.png in Resources */ = {isa = PBXBuildFile; fileRef = FCB495EF153E8AA400C6C353 /* retry_button@2x.png */; };
		FCB495FA153E8AA400C6C353 /* shuffle_button_pressed.png in Resources */ = {isa = PBXBuildFile; fileRef = FCB495F0153E8AA400C6C353 /* shuffle_button_pressed.png */; };
		FCB495FB153E8AA400C6C353 /* shuffle_button_pressed@2x.png in Resources */ = {isa = PBXBuildFile; fileRef = FCB495F1153E8AA400C6C353 /* shuffle_button_pressed@2x.png */; };
		FCB495FC153E8AA400C6C353 /* shuffle_button.png in Resources */ = {isa = PBXBuildFile; fileRef = FCB495F2153E8AA400C6C353 /* shuffle_button.png */; };
		FCB495FD153E8AA400C6C353 /* shuffle_button@2x.png in Resources */ = {isa = PBXBuildFile; fileRef = FCB495F3153E8AA400C6C353 /* shuffle_button@2x.png */; };
		FCB495FE153E8AA400C6C353 /* shuffle_pressed.png in Resources */ = {isa = PBXBuildFile; fileRef = FCB495F4153E8AA400C6C353 /* shuffle_pressed.png */; };
		FCB495FF153E8AA400C6C353 /* shuffle_pressed@2x.png in Resources */ = {isa = PBXBuildFile; fileRef = FCB495F5153E8AA400C6C353 /* shuffle_pressed@2x.png */; };
		FCB49602153E8FFB00C6C353 /* cubano-regular-webfont.ttf in Resources */ = {isa = PBXBuildFile; fileRef = FCB49600153E8FF400C6C353 /* cubano-regular-webfont.ttf */; };
		FCB49603153E900100C6C353 /* Cubano-Regular.otf in Resources */ = {isa = PBXBuildFile; fileRef = FCB49601153E8FF400C6C353 /* Cubano-Regular.otf */; };
		FCBA3309153D38110056347B /* UIKit.framework in Frameworks */ = {isa = PBXBuildFile; fileRef = FCBA3308153D38110056347B /* UIKit.framework */; };
		FCBA330B153D38110056347B /* Foundation.framework in Frameworks */ = {isa = PBXBuildFile; fileRef = FCBA330A153D38110056347B /* Foundation.framework */; };
		FCBA330D153D38110056347B /* CoreGraphics.framework in Frameworks */ = {isa = PBXBuildFile; fileRef = FCBA330C153D38110056347B /* CoreGraphics.framework */; };
		FCBA3313153D38110056347B /* InfoPlist.strings in Resources */ = {isa = PBXBuildFile; fileRef = FCBA3311153D38110056347B /* InfoPlist.strings */; };
		FCBA3315153D38110056347B /* main.m in Sources */ = {isa = PBXBuildFile; fileRef = FCBA3314153D38110056347B /* main.m */; };
		FCBA3319153D38110056347B /* AppDelegate.m in Sources */ = {isa = PBXBuildFile; fileRef = FCBA3318153D38110056347B /* AppDelegate.m */; };
		FCBA331C153D38110056347B /* ViewController.m in Sources */ = {isa = PBXBuildFile; fileRef = FCBA331B153D38110056347B /* ViewController.m */; };
		FCBA331F153D38110056347B /* ViewController.xib in Resources */ = {isa = PBXBuildFile; fileRef = FCBA331D153D38110056347B /* ViewController.xib */; };
		FCBA3334153D38340056347B /* bg.png in Resources */ = {isa = PBXBuildFile; fileRef = FCBA3326153D38330056347B /* bg.png */; };
		FCBA3335153D38340056347B /* bg@2x.png in Resources */ = {isa = PBXBuildFile; fileRef = FCBA3327153D38330056347B /* bg@2x.png */; };
		FCBA3336153D38340056347B /* peg_blue.png in Resources */ = {isa = PBXBuildFile; fileRef = FCBA3328153D38330056347B /* peg_blue.png */; };
		FCBA3337153D38340056347B /* peg_blue@2x.png in Resources */ = {isa = PBXBuildFile; fileRef = FCBA3329153D38330056347B /* peg_blue@2x.png */; };
		FCBA3338153D38340056347B /* peg_empty.png in Resources */ = {isa = PBXBuildFile; fileRef = FCBA332A153D38330056347B /* peg_empty.png */; };
		FCBA3339153D38340056347B /* peg_empty@2x.png in Resources */ = {isa = PBXBuildFile; fileRef = FCBA332B153D38330056347B /* peg_empty@2x.png */; };
		FCBA333A153D38340056347B /* peg_glow.png in Resources */ = {isa = PBXBuildFile; fileRef = FCBA332C153D38330056347B /* peg_glow.png */; };
		FCBA333B153D38340056347B /* peg_glow@2x.png in Resources */ = {isa = PBXBuildFile; fileRef = FCBA332D153D38330056347B /* peg_glow@2x.png */; };
		FCBA333C153D38340056347B /* peg_red.png in Resources */ = {isa = PBXBuildFile; fileRef = FCBA332E153D38330056347B /* peg_red.png */; };
		FCBA333D153D38340056347B /* peg_red@2x.png in Resources */ = {isa = PBXBuildFile; fileRef = FCBA332F153D38330056347B /* peg_red@2x.png */; };
		FCBA333E153D38340056347B /* redo.png in Resources */ = {isa = PBXBuildFile; fileRef = FCBA3330153D38330056347B /* redo.png */; };
		FCBA333F153D38340056347B /* redo@2x.png in Resources */ = {isa = PBXBuildFile; fileRef = FCBA3331153D38330056347B /* redo@2x.png */; };
		FCBA3340153D38340056347B /* shuffle.png in Resources */ = {isa = PBXBuildFile; fileRef = FCBA3332153D38330056347B /* shuffle.png */; };
		FCBA3341153D38340056347B /* shuffle@2x.png in Resources */ = {isa = PBXBuildFile; fileRef = FCBA3333153D38330056347B /* shuffle@2x.png */; };
/* End PBXBuildFile section */

/* Begin PBXFileReference section */
		FC510FDE153E40F600AB74C6 /* pop.mp3 */ = {isa = PBXFileReference; lastKnownFileType = audio.mp3; path = pop.mp3; sourceTree = "<group>"; };
		FC510FE1153E42AC00AB74C6 /* AudioToolbox.framework */ = {isa = PBXFileReference; lastKnownFileType = wrapper.framework; name = AudioToolbox.framework; path = System/Library/Frameworks/AudioToolbox.framework; sourceTree = SDKROOT; };
		FCB495E4153E88DB00C6C353 /* popup.png */ = {isa = PBXFileReference; lastKnownFileType = image.png; path = popup.png; sourceTree = "<group>"; };
		FCB495E5153E88DB00C6C353 /* popup@2x.png */ = {isa = PBXFileReference; lastKnownFileType = image.png; path = "popup@2x.png"; sourceTree = "<group>"; };
		FCB495E8153E896800C6C353 /* game_over.png */ = {isa = PBXFileReference; lastKnownFileType = image.png; path = game_over.png; sourceTree = "<group>"; };
		FCB495E9153E896800C6C353 /* game_over@2x.png */ = {isa = PBXFileReference; lastKnownFileType = image.png; path = "game_over@2x.png"; sourceTree = "<group>"; };
		FCB495EC153E8AA400C6C353 /* retry_button_pressed.png */ = {isa = PBXFileReference; lastKnownFileType = image.png; path = retry_button_pressed.png; sourceTree = "<group>"; };
		FCB495ED153E8AA400C6C353 /* retry_button_pressed@2x.png */ = {isa = PBXFileReference; lastKnownFileType = image.png; path = "retry_button_pressed@2x.png"; sourceTree = "<group>"; };
		FCB495EE153E8AA400C6C353 /* retry_button.png */ = {isa = PBXFileReference; lastKnownFileType = image.png; path = retry_button.png; sourceTree = "<group>"; };
		FCB495EF153E8AA400C6C353 /* retry_button@2x.png */ = {isa = PBXFileReference; lastKnownFileType = image.png; path = "retry_button@2x.png"; sourceTree = "<group>"; };
		FCB495F0153E8AA400C6C353 /* shuffle_button_pressed.png */ = {isa = PBXFileReference; lastKnownFileType = image.png; path = shuffle_button_pressed.png; sourceTree = "<group>"; };
		FCB495F1153E8AA400C6C353 /* shuffle_button_pressed@2x.png */ = {isa = PBXFileReference; lastKnownFileType = image.png; path = "shuffle_button_pressed@2x.png"; sourceTree = "<group>"; };
		FCB495F2153E8AA400C6C353 /* shuffle_button.png */ = {isa = PBXFileReference; lastKnownFileType = image.png; path = shuffle_button.png; sourceTree = "<group>"; };
		FCB495F3153E8AA400C6C353 /* shuffle_button@2x.png */ = {isa = PBXFileReference; lastKnownFileType = image.png; path = "shuffle_button@2x.png"; sourceTree = "<group>"; };
		FCB495F4153E8AA400C6C353 /* shuffle_pressed.png */ = {isa = PBXFileReference; lastKnownFileType = image.png; path = shuffle_pressed.png; sourceTree = "<group>"; };
		FCB495F5153E8AA400C6C353 /* shuffle_pressed@2x.png */ = {isa = PBXFileReference; lastKnownFileType = image.png; path = "shuffle_pressed@2x.png"; sourceTree = "<group>"; };
		FCB49600153E8FF400C6C353 /* cubano-regular-webfont.ttf */ = {isa = PBXFileReference; lastKnownFileType = file; path = "cubano-regular-webfont.ttf"; sourceTree = "<group>"; };
		FCB49601153E8FF400C6C353 /* Cubano-Regular.otf */ = {isa = PBXFileReference; lastKnownFileType = file; path = "Cubano-Regular.otf"; sourceTree = "<group>"; };
		FCBA3304153D38110056347B /* peg.app */ = {isa = PBXFileReference; explicitFileType = wrapper.application; includeInIndex = 0; path = peg.app; sourceTree = BUILT_PRODUCTS_DIR; };
		FCBA3308153D38110056347B /* UIKit.framework */ = {isa = PBXFileReference; lastKnownFileType = wrapper.framework; name = UIKit.framework; path = System/Library/Frameworks/UIKit.framework; sourceTree = SDKROOT; };
		FCBA330A153D38110056347B /* Foundation.framework */ = {isa = PBXFileReference; lastKnownFileType = wrapper.framework; name = Foundation.framework; path = System/Library/Frameworks/Foundation.framework; sourceTree = SDKROOT; };
		FCBA330C153D38110056347B /* CoreGraphics.framework */ = {isa = PBXFileReference; lastKnownFileType = wrapper.framework; name = CoreGraphics.framework; path = System/Library/Frameworks/CoreGraphics.framework; sourceTree = SDKROOT; };
		FCBA3310153D38110056347B /* peg-Info.plist */ = {isa = PBXFileReference; lastKnownFileType = text.plist.xml; path = "peg-Info.plist"; sourceTree = "<group>"; };
		FCBA3312153D38110056347B /* en */ = {isa = PBXFileReference; lastKnownFileType = text.plist.strings; name = en; path = en.lproj/InfoPlist.strings; sourceTree = "<group>"; };
		FCBA3314153D38110056347B /* main.m */ = {isa = PBXFileReference; lastKnownFileType = sourcecode.c.objc; path = main.m; sourceTree = "<group>"; };
		FCBA3316153D38110056347B /* peg-Prefix.pch */ = {isa = PBXFileReference; lastKnownFileType = sourcecode.c.h; path = "peg-Prefix.pch"; sourceTree = "<group>"; };
		FCBA3317153D38110056347B /* AppDelegate.h */ = {isa = PBXFileReference; lastKnownFileType = sourcecode.c.h; path = AppDelegate.h; sourceTree = "<group>"; };
		FCBA3318153D38110056347B /* AppDelegate.m */ = {isa = PBXFileReference; lastKnownFileType = sourcecode.c.objc; path = AppDelegate.m; sourceTree = "<group>"; };
		FCBA331A153D38110056347B /* ViewController.h */ = {isa = PBXFileReference; lastKnownFileType = sourcecode.c.h; path = ViewController.h; sourceTree = "<group>"; };
		FCBA331B153D38110056347B /* ViewController.m */ = {isa = PBXFileReference; lastKnownFileType = sourcecode.c.objc; path = ViewController.m; sourceTree = "<group>"; };
		FCBA331E153D38110056347B /* en */ = {isa = PBXFileReference; lastKnownFileType = file.xib; name = en; path = en.lproj/ViewController.xib; sourceTree = "<group>"; };
		FCBA3326153D38330056347B /* bg.png */ = {isa = PBXFileReference; lastKnownFileType = image.png; path = bg.png; sourceTree = "<group>"; };
		FCBA3327153D38330056347B /* bg@2x.png */ = {isa = PBXFileReference; lastKnownFileType = image.png; path = "bg@2x.png"; sourceTree = "<group>"; };
		FCBA3328153D38330056347B /* peg_blue.png */ = {isa = PBXFileReference; lastKnownFileType = image.png; path = peg_blue.png; sourceTree = "<group>"; };
		FCBA3329153D38330056347B /* peg_blue@2x.png */ = {isa = PBXFileReference; lastKnownFileType = image.png; path = "peg_blue@2x.png"; sourceTree = "<group>"; };
		FCBA332A153D38330056347B /* peg_empty.png */ = {isa = PBXFileReference; lastKnownFileType = image.png; path = peg_empty.png; sourceTree = "<group>"; };
		FCBA332B153D38330056347B /* peg_empty@2x.png */ = {isa = PBXFileReference; lastKnownFileType = image.png; path = "peg_empty@2x.png"; sourceTree = "<group>"; };
		FCBA332C153D38330056347B /* peg_glow.png */ = {isa = PBXFileReference; lastKnownFileType = image.png; path = peg_glow.png; sourceTree = "<group>"; };
		FCBA332D153D38330056347B /* peg_glow@2x.png */ = {isa = PBXFileReference; lastKnownFileType = image.png; path = "peg_glow@2x.png"; sourceTree = "<group>"; };
		FCBA332E153D38330056347B /* peg_red.png */ = {isa = PBXFileReference; lastKnownFileType = image.png; path = peg_red.png; sourceTree = "<group>"; };
		FCBA332F153D38330056347B /* peg_red@2x.png */ = {isa = PBXFileReference; lastKnownFileType = image.png; path = "peg_red@2x.png"; sourceTree = "<group>"; };
		FCBA3330153D38330056347B /* redo.png */ = {isa = PBXFileReference; lastKnownFileType = image.png; path = redo.png; sourceTree = "<group>"; };
		FCBA3331153D38330056347B /* redo@2x.png */ = {isa = PBXFileReference; lastKnownFileType = image.png; path = "redo@2x.png"; sourceTree = "<group>"; };
		FCBA3332153D38330056347B /* shuffle.png */ = {isa = PBXFileReference; lastKnownFileType = image.png; path = shuffle.png; sourceTree = "<group>"; };
		FCBA3333153D38330056347B /* shuffle@2x.png */ = {isa = PBXFileReference; lastKnownFileType = image.png; path = "shuffle@2x.png"; sourceTree = "<group>"; };
/* End PBXFileReference section */

/* Begin PBXFrameworksBuildPhase section */
		FCBA3301153D38110056347B /* Frameworks */ = {
			isa = PBXFrameworksBuildPhase;
			buildActionMask = 2147483647;
			files = (
				FC510FE2153E42AC00AB74C6 /* AudioToolbox.framework in Frameworks */,
				FCBA3309153D38110056347B /* UIKit.framework in Frameworks */,
				FCBA330B153D38110056347B /* Foundation.framework in Frameworks */,
				FCBA330D153D38110056347B /* CoreGraphics.framework in Frameworks */,
			);
			runOnlyForDeploymentPostprocessing = 0;
		};
/* End PBXFrameworksBuildPhase section */

/* Begin PBXGroup section */
		FCBA32F9153D380F0056347B = {
			isa = PBXGroup;
			children = (
				FC510FE1153E42AC00AB74C6 /* AudioToolbox.framework */,
				FCBA330E153D38110056347B /* peg */,
				FCBA3307153D38110056347B /* Frameworks */,
				FCBA3305153D38110056347B /* Products */,
			);
			sourceTree = "<group>";
		};
		FCBA3305153D38110056347B /* Products */ = {
			isa = PBXGroup;
			children = (
				FCBA3304153D38110056347B /* peg.app */,
			);
			name = Products;
			sourceTree = "<group>";
		};
		FCBA3307153D38110056347B /* Frameworks */ = {
			isa = PBXGroup;
			children = (
				FCBA3308153D38110056347B /* UIKit.framework */,
				FCBA330A153D38110056347B /* Foundation.framework */,
				FCBA330C153D38110056347B /* CoreGraphics.framework */,
			);
			name = Frameworks;
			sourceTree = "<group>";
		};
		FCBA330E153D38110056347B /* peg */ = {
			isa = PBXGroup;
			children = (
				FCBA3317153D38110056347B /* AppDelegate.h */,
				FCBA3318153D38110056347B /* AppDelegate.m */,
				FCBA331A153D38110056347B /* ViewController.h */,
				FCBA331B153D38110056347B /* ViewController.m */,
				FCBA331D153D38110056347B /* ViewController.xib */,
				FCBA330F153D38110056347B /* Supporting Files */,
			);
			path = peg;
			sourceTree = "<group>";
		};
		FCBA330F153D38110056347B /* Supporting Files */ = {
			isa = PBXGroup;
			children = (
				FCB49600153E8FF400C6C353 /* cubano-regular-webfont.ttf */,
				FCB49601153E8FF400C6C353 /* Cubano-Regular.otf */,
				FC510FDE153E40F600AB74C6 /* pop.mp3 */,
				FCBA3325153D38270056347B /* images */,
				FCBA3310153D38110056347B /* peg-Info.plist */,
				FCBA3311153D38110056347B /* InfoPlist.strings */,
				FCBA3314153D38110056347B /* main.m */,
				FCBA3316153D38110056347B /* peg-Prefix.pch */,
			);
			name = "Supporting Files";
			sourceTree = "<group>";
		};
		FCBA3325153D38270056347B /* images */ = {
			isa = PBXGroup;
			children = (
				FCB495EC153E8AA400C6C353 /* retry_button_pressed.png */,
				FCB495ED153E8AA400C6C353 /* retry_button_pressed@2x.png */,
				FCB495EE153E8AA400C6C353 /* retry_button.png */,
				FCB495EF153E8AA400C6C353 /* retry_button@2x.png */,
				FCB495F0153E8AA400C6C353 /* shuffle_button_pressed.png */,
				FCB495F1153E8AA400C6C353 /* shuffle_button_pressed@2x.png */,
				FCB495F2153E8AA400C6C353 /* shuffle_button.png */,
				FCB495F3153E8AA400C6C353 /* shuffle_button@2x.png */,
				FCB495F4153E8AA400C6C353 /* shuffle_pressed.png */,
				FCB495F5153E8AA400C6C353 /* shuffle_pressed@2x.png */,
				FCB495E8153E896800C6C353 /* game_over.png */,
				FCB495E9153E896800C6C353 /* game_over@2x.png */,
				FCB495E4153E88DB00C6C353 /* popup.png */,
				FCB495E5153E88DB00C6C353 /* popup@2x.png */,
				FCBA3326153D38330056347B /* bg.png */,
				FCBA3327153D38330056347B /* bg@2x.png */,
				FCBA3328153D38330056347B /* peg_blue.png */,
				FCBA3329153D38330056347B /* peg_blue@2x.png */,
				FCBA332A153D38330056347B /* peg_empty.png */,
				FCBA332B153D38330056347B /* peg_empty@2x.png */,
				FCBA332C153D38330056347B /* peg_glow.png */,
				FCBA332D153D38330056347B /* peg_glow@2x.png */,
				FCBA332E153D38330056347B /* peg_red.png */,
				FCBA332F153D38330056347B /* peg_red@2x.png */,
				FCBA3330153D38330056347B /* redo.png */,
				FCBA3331153D38330056347B /* redo@2x.png */,
				FCBA3332153D38330056347B /* shuffle.png */,
				FCBA3333153D38330056347B /* shuffle@2x.png */,
			);
			name = images;
			sourceTree = "<group>";
		};
/* End PBXGroup section */

/* Begin PBXNativeTarget section */
		FCBA3303153D38110056347B /* peg */ = {
			isa = PBXNativeTarget;
			buildConfigurationList = FCBA3322153D38110056347B /* Build configuration list for PBXNativeTarget "peg" */;
			buildPhases = (
				FCBA3300153D38110056347B /* Sources */,
				FCBA3301153D38110056347B /* Frameworks */,
				FCBA3302153D38110056347B /* Resources */,
			);
			buildRules = (
			);
			dependencies = (
			);
			name = peg;
			productName = peg;
			productReference = FCBA3304153D38110056347B /* peg.app */;
			productType = "com.apple.product-type.application";
		};
/* End PBXNativeTarget section */

/* Begin PBXProject section */
		FCBA32FB153D380F0056347B /* Project object */ = {
			isa = PBXProject;
			attributes = {
				LastUpgradeCheck = 0420;
			};
			buildConfigurationList = FCBA32FE153D380F0056347B /* Build configuration list for PBXProject "peg" */;
			compatibilityVersion = "Xcode 3.2";
			developmentRegion = English;
			hasScannedForEncodings = 0;
			knownRegions = (
				en,
			);
			mainGroup = FCBA32F9153D380F0056347B;
			productRefGroup = FCBA3305153D38110056347B /* Products */;
			projectDirPath = "";
			projectRoot = "";
			targets = (
				FCBA3303153D38110056347B /* peg */,
			);
		};
/* End PBXProject section */

/* Begin PBXResourcesBuildPhase section */
		FCBA3302153D38110056347B /* Resources */ = {
			isa = PBXResourcesBuildPhase;
			buildActionMask = 2147483647;
			files = (
				FCB49603153E900100C6C353 /* Cubano-Regular.otf in Resources */,
				FCB49602153E8FFB00C6C353 /* cubano-regular-webfont.ttf in Resources */,
				FCBA3313153D38110056347B /* InfoPlist.strings in Resources */,
				FCBA331F153D38110056347B /* ViewController.xib in Resources */,
				FCBA3334153D38340056347B /* bg.png in Resources */,
				FCBA3335153D38340056347B /* bg@2x.png in Resources */,
				FCBA3336153D38340056347B /* peg_blue.png in Resources */,
				FCBA3337153D38340056347B /* peg_blue@2x.png in Resources */,
				FCBA3338153D38340056347B /* peg_empty.png in Resources */,
				FCBA3339153D38340056347B /* peg_empty@2x.png in Resources */,
				FCBA333A153D38340056347B /* peg_glow.png in Resources */,
				FCBA333B153D38340056347B /* peg_glow@2x.png in Resources */,
				FCBA333C153D38340056347B /* peg_red.png in Resources */,
				FCBA333D153D38340056347B /* peg_red@2x.png in Resources */,
				FCBA333E153D38340056347B /* redo.png in Resources */,
				FCBA333F153D38340056347B /* redo@2x.png in Resources */,
				FCBA3340153D38340056347B /* shuffle.png in Resources */,
				FCBA3341153D38340056347B /* shuffle@2x.png in Resources */,
				FC510FDF153E40F600AB74C6 /* pop.mp3 in Resources */,
				FCB495E6153E88DB00C6C353 /* popup.png in Resources */,
				FCB495E7153E88DB00C6C353 /* popup@2x.png in Resources */,
				FCB495EA153E896800C6C353 /* game_over.png in Resources */,
				FCB495EB153E896800C6C353 /* game_over@2x.png in Resources */,
				FCB495F6153E8AA400C6C353 /* retry_button_pressed.png in Resources */,
				FCB495F7153E8AA400C6C353 /* retry_button_pressed@2x.png in Resources */,
				FCB495F8153E8AA400C6C353 /* retry_button.png in Resources */,
				FCB495F9153E8AA400C6C353 /* retry_button@2x.png in Resources */,
				FCB495FA153E8AA400C6C353 /* shuffle_button_pressed.png in Resources */,
				FCB495FB153E8AA400C6C353 /* shuffle_button_pressed@2x.png in Resources */,
				FCB495FC153E8AA400C6C353 /* shuffle_button.png in Resources */,
				FCB495FD153E8AA400C6C353 /* shuffle_button@2x.png in Resources */,
				FCB495FE153E8AA400C6C353 /* shuffle_pressed.png in Resources */,
				FCB495FF153E8AA400C6C353 /* shuffle_pressed@2x.png in Resources */,
			);
			runOnlyForDeploymentPostprocessing = 0;
		};
/* End PBXResourcesBuildPhase section */

/* Begin PBXSourcesBuildPhase section */
		FCBA3300153D38110056347B /* Sources */ = {
			isa = PBXSourcesBuildPhase;
			buildActionMask = 2147483647;
			files = (
				FCBA3315153D38110056347B /* main.m in Sources */,
				FCBA3319153D38110056347B /* AppDelegate.m in Sources */,
				FCBA331C153D38110056347B /* ViewController.m in Sources */,
			);
			runOnlyForDeploymentPostprocessing = 0;
		};
/* End PBXSourcesBuildPhase section */

/* Begin PBXVariantGroup section */
		FCBA3311153D38110056347B /* InfoPlist.strings */ = {
			isa = PBXVariantGroup;
			children = (
				FCBA3312153D38110056347B /* en */,
			);
			name = InfoPlist.strings;
			sourceTree = "<group>";
		};
		FCBA331D153D38110056347B /* ViewController.xib */ = {
			isa = PBXVariantGroup;
			children = (
				FCBA331E153D38110056347B /* en */,
			);
			name = ViewController.xib;
			sourceTree = "<group>";
		};
/* End PBXVariantGroup section */

/* Begin XCBuildConfiguration section */
		FCBA3320153D38110056347B /* Debug */ = {
			isa = XCBuildConfiguration;
			buildSettings = {
				ALWAYS_SEARCH_USER_PATHS = NO;
				ARCHS = "$(ARCHS_STANDARD_32_BIT)";
				CLANG_ENABLE_OBJC_ARC = YES;
				CODE_SIGN_IDENTITY = "iPhone Developer: Jon Wheatley (JXFR2J3R5P)";
				"CODE_SIGN_IDENTITY[sdk=iphoneos*]" = "iPhone Developer: Jon Wheatley (JXFR2J3R5P)";
				COPY_PHASE_STRIP = NO;
				GCC_C_LANGUAGE_STANDARD = gnu99;
				GCC_DYNAMIC_NO_PIC = NO;
				GCC_OPTIMIZATION_LEVEL = 0;
				GCC_PREPROCESSOR_DEFINITIONS = (
					"DEBUG=1",
					"$(inherited)",
				);
				GCC_SYMBOLS_PRIVATE_EXTERN = NO;
				GCC_VERSION = com.apple.compilers.llvm.clang.1_0;
				GCC_WARN_ABOUT_MISSING_PROTOTYPES = YES;
				GCC_WARN_ABOUT_RETURN_TYPE = YES;
				GCC_WARN_UNUSED_VARIABLE = YES;
				IPHONEOS_DEPLOYMENT_TARGET = 5.0;
				PROVISIONING_PROFILE = "E352CF83-A3DB-4846-98A9-778106348ED6";
				"PROVISIONING_PROFILE[sdk=iphoneos*]" = "E352CF83-A3DB-4846-98A9-778106348ED6";
				SDKROOT = iphoneos;
			};
			name = Debug;
		};
		FCBA3321153D38110056347B /* Release */ = {
			isa = XCBuildConfiguration;
			buildSettings = {
				ALWAYS_SEARCH_USER_PATHS = NO;
				ARCHS = "$(ARCHS_STANDARD_32_BIT)";
				CLANG_ENABLE_OBJC_ARC = YES;
				CODE_SIGN_IDENTITY = "iPhone Developer: Jon Wheatley (JXFR2J3R5P)";
				"CODE_SIGN_IDENTITY[sdk=iphoneos*]" = "iPhone Developer: Jon Wheatley (JXFR2J3R5P)";
				COPY_PHASE_STRIP = YES;
				GCC_C_LANGUAGE_STANDARD = gnu99;
				GCC_VERSION = com.apple.compilers.llvm.clang.1_0;
				GCC_WARN_ABOUT_MISSING_PROTOTYPES = YES;
				GCC_WARN_ABOUT_RETURN_TYPE = YES;
				GCC_WARN_UNUSED_VARIABLE = YES;
				IPHONEOS_DEPLOYMENT_TARGET = 5.0;
				OTHER_CFLAGS = "-DNS_BLOCK_ASSERTIONS=1";
				PROVISIONING_PROFILE = "E352CF83-A3DB-4846-98A9-778106348ED6";
				"PROVISIONING_PROFILE[sdk=iphoneos*]" = "E352CF83-A3DB-4846-98A9-778106348ED6";
				SDKROOT = iphoneos;
				VALIDATE_PRODUCT = YES;
			};
			name = Release;
		};
		FCBA3323153D38110056347B /* Debug */ = {
			isa = XCBuildConfiguration;
			buildSettings = {
				GCC_PRECOMPILE_PREFIX_HEADER = YES;
				GCC_PREFIX_HEADER = "peg/peg-Prefix.pch";
				INFOPLIST_FILE = "peg/peg-Info.plist";
				PRODUCT_NAME = "$(TARGET_NAME)";
				WRAPPER_EXTENSION = app;
			};
			name = Debug;
		};
		FCBA3324153D38110056347B /* Release */ = {
			isa = XCBuildConfiguration;
			buildSettings = {
				GCC_PRECOMPILE_PREFIX_HEADER = YES;
				GCC_PREFIX_HEADER = "peg/peg-Prefix.pch";
				INFOPLIST_FILE = "peg/peg-Info.plist";
				PRODUCT_NAME = "$(TARGET_NAME)";
				WRAPPER_EXTENSION = app;
			};
			name = Release;
		};
/* End XCBuildConfiguration section */

/* Begin XCConfigurationList section */
		FCBA32FE153D380F0056347B /* Build configuration list for PBXProject "peg" */ = {
			isa = XCConfigurationList;
			buildConfigurations = (
				FCBA3320153D38110056347B /* Debug */,
				FCBA3321153D38110056347B /* Release */,
			);
			defaultConfigurationIsVisible = 0;
			defaultConfigurationName = Release;
		};
		FCBA3322153D38110056347B /* Build configuration list for PBXNativeTarget "peg" */ = {
			isa = XCConfigurationList;
			buildConfigurations = (
				FCBA3323153D38110056347B /* Debug */,
				FCBA3324153D38110056347B /* Release */,
			);
			defaultConfigurationIsVisible = 0;
			defaultConfigurationName = Release;
		};
/* End XCConfigurationList section */
	};
	rootObject = FCBA32FB153D380F0056347B /* Project object */;
}
